
Microsoft Visual Studio Solution File, Format Version 12.00
# Visual Studio 15
Project("{FAE04EC0-301F-11D3-BF4B-00C04F79EFBC}") = "Taxprojection", "Taxprojection.csproj", "{2363D949-F199-A3EC-1534-BEE3479EE9E3}"
EndProject
Project("{FAE04EC0-301F-11D3-BF4B-00C04F79EFBC}") = "Taxprojection.Player", "Taxprojection.Player.csproj", "{7C90F70D-96EF-E763-315E-792EDD8B3B4A}"
EndProject
Project("{FAE04EC0-301F-11D3-BF4B-00C04F79EFBC}") = "Taxprojection.Editor", "Taxprojection.Editor.csproj", "{942708EB-19E4-15D3-7ED6-FFE49849D621}"
EndProject
Global
	GlobalSection(SolutionConfigurationPlatforms) = preSolution
		Debug|Any CPU = Debug|Any CPU
		Release|Any CPU = Release|Any CPU
	EndGlobalSection
	GlobalSection(ProjectConfigurationPlatforms) = postSolution
		{2363D949-F199-A3EC-1534-BEE3479EE9E3}.Debug|Any CPU.ActiveCfg = Debug|Any CPU
		{2363D949-F199-A3EC-1534-BEE3479EE9E3}.Debug|Any CPU.Build.0 = Debug|Any CPU
		{2363D949-F199-A3EC-1534-BEE3479EE9E3}.Release|Any CPU.ActiveCfg = Release|Any CPU
		{2363D949-F199-A3EC-1534-BEE3479EE9E3}.Release|Any CPU.Build.0 = Release|Any CPU
		{7C90F70D-96EF-E763-315E-792EDD8B3B4A}.Debug|Any CPU.ActiveCfg = Debug|Any CPU
		{7C90F70D-96EF-E763-315E-792EDD8B3B4A}.Debug|Any CPU.Build.0 = Debug|Any CPU
		{7C90F70D-96EF-E763-315E-792EDD8B3B4A}.Release|Any CPU.ActiveCfg = Release|Any CPU
		{7C90F70D-96EF-E763-315E-792EDD8B3B4A}.Release|Any CPU.Build.0 = Release|Any CPU
		{942708EB-19E4-15D3-7ED6-FFE49849D621}.Debug|Any CPU.ActiveCfg = Debug|Any CPU
		{942708EB-19E4-15D3-7ED6-FFE49849D621}.Debug|Any CPU.Build.0 = Debug|Any CPU
		{942708EB-19E4-15D3-7ED6-FFE49849D621}.Release|Any CPU.ActiveCfg = Release|Any CPU
		{942708EB-19E4-15D3-7ED6-FFE49849D621}.Release|Any CPU.Build.0 = Release|Any CPU
	EndGlobalSection
	GlobalSection(SolutionProperties) = preSolution
		HideSolutionNode = FALSE
	EndGlobalSection
EndGlobal
